{
  "name": "@chenglou/pretext",
  "version": "0.0.4",
  "lockfileVersion": 3,
  "requires": true,
  "packages": {
    "": {
      "name": "@chenglou/pretext",
      "version": "0.0.4",
      "license": "MIT",
      "dependencies": {
        "@chenglou/pretext": "^0.0.4"
      },
      "devDependencies": {
        "@types/bun": "latest",
        "oxlint": "^1.51.0",
        "oxlint-tsgolint": "^0.18.0",
        "tsgolint": "^0.0.1",
        "typescript": "6.0.2"
      }
    },
    "node_modules/@chenglou/pretext": {
      "version": "0.0.4",
      "resolved": "https://registry.npmjs.org/@chenglou/pretext/-/pretext-0.0.4.tgz",
      "integrity": "sha512-FnPAFMid1/p1j2V2gRPUVBarGUIb2PhkkC9YNnTOfPtTDgHKh8siO8PP9pCxpFfYlcodWPJpE1UbSHGQqt8pQQ==",
      "license": "MIT"
    },
    "node_modules/@oxlint-tsgolint/darwin-arm64": {
      "version": "0.18.1",
      "cpu": [
        "arm64"
      ],
      "dev": true,
      "license": "MIT",
      "optional": true,
      "os": [
        "darwin"
      ]
    },
    "node_modules/@oxlint/binding-darwin-arm64": {
      "version": "1.58.0",
      "cpu": [
        "arm64"
      ],
      "dev": true,
      "license": "MIT",
      "optional": true,
      "os": [
        "darwin"
      ],
      "engines": {
        "node": "^20.19.0 || >=22.12.0"
      }
    },
    "node_modules/@types/bun": {
      "version": "1.3.11",
      "resolved": "https://registry.npmjs.org/@types/bun/-/bun-1.3.11.tgz",
      "integrity": "sha512-5vPne5QvtpjGpsGYXiFyycfpDF2ECyPcTSsFBMa0fraoxiQyMJ3SmuQIGhzPg2WJuWxVBoxWJ2kClYTcw/4fAg==",
      "dev": true,
      "license": "MIT",
      "dependencies": {
        "bun-types": "1.3.11"
      }
    },
    "node_modules/@types/node": {
      "version": "25.5.2",
      "dev": true,
      "license": "MIT",
      "dependencies": {
        "undici-types": "~7.18.0"
      }
    },
    "node_modules/bun-types": {
      "version": "1.3.11",
      "dev": true,
      "license": "MIT",
      "dependencies": {
        "@types/node": "*"
      }
    },
    "node_modules/oxlint": {
      "version": "1.58.0",
      "dev": true,
      "license": "MIT",
      "bin": {
        "oxlint": "bin/oxlint"
      },
      "engines": {
        "node": "^20.19.0 || >=22.12.0"
      },
      "funding": {
        "url": "https://github.com/sponsors/Boshen"
      },
      "optionalDependencies": {
        "@oxlint/binding-android-arm-eabi": "1.58.0",
        "@oxlint/binding-android-arm64": "1.58.0",
        "@oxlint/binding-darwin-arm64": "1.58.0",
        "@oxlint/binding-darwin-x64": "1.58.0",
        "@oxlint/binding-freebsd-x64": "1.58.0",
        "@oxlint/binding-linux-arm-gnueabihf": "1.58.0",
        "@oxlint/binding-linux-arm-musleabihf": "1.58.0",
        "@oxlint/binding-linux-arm64-gnu": "1.58.0",
        "@oxlint/binding-linux-arm64-musl": "1.58.0",
        "@oxlint/binding-linux-ppc64-gnu": "1.58.0",
        "@oxlint/binding-linux-riscv64-gnu": "1.58.0",
        "@oxlint/binding-linux-riscv64-musl": "1.58.0",
        "@oxlint/binding-linux-s390x-gnu": "1.58.0",
        "@oxlint/binding-linux-x64-gnu": "1.58.0",
        "@oxlint/binding-linux-x64-musl": "1.58.0",
        "@oxlint/binding-openharmony-arm64": "1.58.0",
        "@oxlint/binding-win32-arm64-msvc": "1.58.0",
        "@oxlint/binding-win32-ia32-msvc": "1.58.0",
        "@oxlint/binding-win32-x64-msvc": "1.58.0"
      },
      "peerDependencies": {
        "oxlint-tsgolint": ">=0.18.0"
      },
      "peerDependenciesMeta": {
        "oxlint-tsgolint": {
          "optional": true
        }
      }
    },
    "node_modules/oxlint-tsgolint": {
      "version": "0.18.1",
      "dev": true,
      "license": "MIT",
      "bin": {
        "tsgolint": "bin/tsgolint.js"
      },
      "optionalDependencies": {
        "@oxlint-tsgolint/darwin-arm64": "0.18.1",
        "@oxlint-tsgolint/darwin-x64": "0.18.1",
        "@oxlint-tsgolint/linux-arm64": "0.18.1",
        "@oxlint-tsgolint/linux-x64": "0.18.1",
        "@oxlint-tsgolint/win32-arm64": "0.18.1",
        "@oxlint-tsgolint/win32-x64": "0.18.1"
      }
    },
    "node_modules/tsgolint": {
      "version": "0.0.1",
      "dev": true,
      "license": "ISC"
    },
    "node_modules/typescript": {
      "version": "6.0.2",
      "dev": true,
      "license": "Apache-2.0",
      "bin": {
        "tsc": "bin/tsc",
        "tsserver": "bin/tsserver"
      },
      "engines": {
        "node": ">=14.17"
      }
    },
    "node_modules/undici-types": {
      "version": "7.18.2",
      "dev": true,
      "license": "MIT"
    }
  }
}
